
Microsoft Visual Studio Solution File, Format Version 11.00
# Visual Studio 2010
Project("{FAE04EC0-301F-11D3-BF4B-00C04F79EFBC}") = "Cooking Daddy", "Assembly-CSharp.csproj", "{D222C402-E154-8467-0EE1-3F30D8E787CF}"
EndProject
Global
	GlobalSection(SolutionConfigurationPlatforms) = preSolution
		Debug|Any CPU = Debug|Any CPU
		Release|Any CPU = Release|Any CPU
	EndGlobalSection
	GlobalSection(ProjectConfigurationPlatforms) = postSolution
		{D222C402-E154-8467-0EE1-3F30D8E787CF}.Debug|Any CPU.ActiveCfg = Debug|Any CPU
		{D222C402-E154-8467-0EE1-3F30D8E787CF}.Debug|Any CPU.Build.0 = Debug|Any CPU
		{D222C402-E154-8467-0EE1-3F30D8E787CF}.Release|Any CPU.ActiveCfg = Release|Any CPU
		{D222C402-E154-8467-0EE1-3F30D8E787CF}.Release|Any CPU.Build.0 = Release|Any CPU
	EndGlobalSection
	GlobalSection(SolutionProperties) = preSolution
		HideSolutionNode = FALSE
	EndGlobalSection
	GlobalSection(MonoDevelopProperties) = preSolution
		StartupItem = Assembly-CSharp.csproj
	EndGlobalSection
EndGlobal
